
Microsoft Visual Studio Solution File, Format Version 12.00
# Visual Studio Version 17
VisualStudioVersion = 17.5.33502.453
MinimumVisualStudioVersion = 10.0.40219.1
Project("{9A19103F-16F7-4668-BE54-9A1E7A4F7556}") = "Product", "Product.csproj", "{73986886-AB00-4DC5-B24F-BD8328DABE67}"
EndProject
Global
	GlobalSection(SolutionConfigurationPlatforms) = preSolution
		Debug|Any CPU = Debug|Any CPU
		Release|Any CPU = Release|Any CPU
	EndGlobalSection
	GlobalSection(ProjectConfigurationPlatforms) = postSolution
		{73986886-AB00-4DC5-B24F-BD8328DABE67}.Debug|Any CPU.ActiveCfg = Debug|Any CPU
		{73986886-AB00-4DC5-B24F-BD8328DABE67}.Debug|Any CPU.Build.0 = Debug|Any CPU
		{73986886-AB00-4DC5-B24F-BD8328DABE67}.Release|Any CPU.ActiveCfg = Release|Any CPU
		{73986886-AB00-4DC5-B24F-BD8328DABE67}.Release|Any CPU.Build.0 = Release|Any CPU
	EndGlobalSection
	GlobalSection(SolutionProperties) = preSolution
		HideSolutionNode = FALSE
	EndGlobalSection
	GlobalSection(ExtensibilityGlobals) = postSolution
		SolutionGuid = {CDDF2239-80D8-4EFB-9753-5DDE9F01ECCF}
	EndGlobalSection
EndGlobal
